
Microsoft Visual Studio Solution File, Format Version 12.00
# Visual Studio Version 18
VisualStudioVersion = 18.2.11415.280
MinimumVisualStudioVersion = 10.0.40219.1
Project("{9A19103F-16F7-4668-BE54-9A1E7A4F7556}") = "Desic.Api", "source\Desic.Api\Desic.Api.csproj", "{0D656664-1931-47AD-81D1-5167BAAF6FCC}"
EndProject
Project("{9A19103F-16F7-4668-BE54-9A1E7A4F7556}") = "Desic.EntityFrameworkCore", "source\Desic.EntityFrameworkCore\Desic.EntityFrameworkCore.csproj", "{38B94AD7-36E8-4928-B4B0-66AF0B04FF4A}"
EndProject
Project("{2150E333-8FDC-42A3-9474-1A3956D46DE8}") = "Migrations", "Migrations", "{2FD739C8-A3C6-4D14-9AA6-E4619EC00A3C}"
EndProject
Project("{9A19103F-16F7-4668-BE54-9A1E7A4F7556}") = "Desic.EntityFrameworkCore.SqlServer", "source\Desic.EntityFrameworkCore.SqlServer\Desic.EntityFrameworkCore.SqlServer.csproj", "{23B60187-9FF1-435F-9901-3084DDD41358}"
EndProject
Project("{9A19103F-16F7-4668-BE54-9A1E7A4F7556}") = "Desic.EntityFrameworkCore.Sqlite", "source\Desic.EntityFrameworkCore.Sqlite\Desic.EntityFrameworkCore.Sqlite.csproj", "{30F0D933-F4E4-4D34-B228-35A9F1B24860}"
EndProject
Project("{2150E333-8FDC-42A3-9474-1A3956D46DE8}") = "source", "source", "{6B51A4A2-F505-4342-8A18-9F38BE78C360}"
EndProject
Project("{2150E333-8FDC-42A3-9474-1A3956D46DE8}") = "test", "test", "{08836AD0-2EB2-4332-8915-92BEC19F63E7}"
EndProject
Project("{9A19103F-16F7-4668-BE54-9A1E7A4F7556}") = "Desic.Api.Tests", "test\Desic.Api.Tests\Desic.Api.Tests.csproj", "{041A5007-EC2D-48F0-BD05-CB7B6AE8FF79}"
EndProject
Project("{9A19103F-16F7-4668-BE54-9A1E7A4F7556}") = "Desic.Business", "source\Desic.Business\Desic.Business.csproj", "{E5D95281-C3C7-4701-98BD-D6A02DC5CEEF}"
EndProject
Project("{FAE04EC0-301F-11D3-BF4B-00C04F79EFBC}") = "ExportExcel", "source\ExportExcel\ExportExcel.csproj", "{77D14304-8876-4769-83F0-6B7C50AFCE95}"
EndProject
Project("{E53339B2-1760-4266-BCC7-CA923CBCF16C}") = "docker-compose", "docker-compose.dcproj", "{81DDED9D-158B-E303-5F62-77A2896D2A5A}"
EndProject
Project("{54A90642-561A-4BB1-A94E-469ADEE60C69}") = "desic.web", "source\Desic.Web\desic.web.esproj", "{34F70EF6-3E41-018E-F908-2FC1D0AEC9BB}"
EndProject
Project("{FAE04EC0-301F-11D3-BF4B-00C04F79EFBC}") = "Desic.Core", "source\Desic.Core\Desic.Core.csproj", "{299C0F05-A09C-499C-8C0F-86DAAF2F5E0F}"
EndProject
Project("{2150E333-8FDC-42A3-9474-1A3956D46DE8}") = "solution-items", "solution-items", "{FE18FCC0-69DF-4EEA-8BF1-7B9CC107621C}"
	ProjectSection(SolutionItems) = preProject
		.editorconfig = .editorconfig
	EndProjectSection
EndProject
Project("{FAE04EC0-301F-11D3-BF4B-00C04F79EFBC}") = "MediatR", "source\MediatR\MediatR.csproj", "{834E6F73-8355-4E9B-86FC-2957127CC247}"
EndProject
Project("{FAE04EC0-301F-11D3-BF4B-00C04F79EFBC}") = "MediatR.Contracts", "source\MediatR.Contracts\MediatR.Contracts.csproj", "{B868A027-4A52-4C09-92BD-7182A3594781}"
EndProject
Project("{FAE04EC0-301F-11D3-BF4B-00C04F79EFBC}") = "MediatR.Tests", "test\MediatR.Tests\MediatR.Tests.csproj", "{2AF50CE8-B9EF-4211-97F2-D3A0C585ABA3}"
EndProject
Global
	GlobalSection(SolutionConfigurationPlatforms) = preSolution
		Debug|Any CPU = Debug|Any CPU
		Release|Any CPU = Release|Any CPU
	EndGlobalSection
	GlobalSection(ProjectConfigurationPlatforms) = postSolution
		{0D656664-1931-47AD-81D1-5167BAAF6FCC}.Debug|Any CPU.ActiveCfg = Debug|Any CPU
		{0D656664-1931-47AD-81D1-5167BAAF6FCC}.Debug|Any CPU.Build.0 = Debug|Any CPU
		{0D656664-1931-47AD-81D1-5167BAAF6FCC}.Release|Any CPU.ActiveCfg = Release|Any CPU
		{0D656664-1931-47AD-81D1-5167BAAF6FCC}.Release|Any CPU.Build.0 = Release|Any CPU
		{38B94AD7-36E8-4928-B4B0-66AF0B04FF4A}.Debug|Any CPU.ActiveCfg = Debug|Any CPU
		{38B94AD7-36E8-4928-B4B0-66AF0B04FF4A}.Debug|Any CPU.Build.0 = Debug|Any CPU
		{38B94AD7-36E8-4928-B4B0-66AF0B04FF4A}.Release|Any CPU.ActiveCfg = Release|Any CPU
		{38B94AD7-36E8-4928-B4B0-66AF0B04FF4A}.Release|Any CPU.Build.0 = Release|Any CPU
		{23B60187-9FF1-435F-9901-3084DDD41358}.Debug|Any CPU.ActiveCfg = Debug|Any CPU
		{23B60187-9FF1-435F-9901-3084DDD41358}.Debug|Any CPU.Build.0 = Debug|Any CPU
		{23B60187-9FF1-435F-9901-3084DDD41358}.Release|Any CPU.ActiveCfg = Release|Any CPU
		{23B60187-9FF1-435F-9901-3084DDD41358}.Release|Any CPU.Build.0 = Release|Any CPU
		{30F0D933-F4E4-4D34-B228-35A9F1B24860}.Debug|Any CPU.ActiveCfg = Debug|Any CPU
		{30F0D933-F4E4-4D34-B228-35A9F1B24860}.Debug|Any CPU.Build.0 = Debug|Any CPU
		{30F0D933-F4E4-4D34-B228-35A9F1B24860}.Release|Any CPU.ActiveCfg = Release|Any CPU
		{30F0D933-F4E4-4D34-B228-35A9F1B24860}.Release|Any CPU.Build.0 = Release|Any CPU
		{041A5007-EC2D-48F0-BD05-CB7B6AE8FF79}.Debug|Any CPU.ActiveCfg = Debug|Any CPU
		{041A5007-EC2D-48F0-BD05-CB7B6AE8FF79}.Debug|Any CPU.Build.0 = Debug|Any CPU
		{041A5007-EC2D-48F0-BD05-CB7B6AE8FF79}.Release|Any CPU.ActiveCfg = Release|Any CPU
		{041A5007-EC2D-48F0-BD05-CB7B6AE8FF79}.Release|Any CPU.Build.0 = Release|Any CPU
		{E5D95281-C3C7-4701-98BD-D6A02DC5CEEF}.Debug|Any CPU.ActiveCfg = Debug|Any CPU
		{E5D95281-C3C7-4701-98BD-D6A02DC5CEEF}.Debug|Any CPU.Build.0 = Debug|Any CPU
		{E5D95281-C3C7-4701-98BD-D6A02DC5CEEF}.Release|Any CPU.ActiveCfg = Release|Any CPU
		{E5D95281-C3C7-4701-98BD-D6A02DC5CEEF}.Release|Any CPU.Build.0 = Release|Any CPU
		{77D14304-8876-4769-83F0-6B7C50AFCE95}.Debug|Any CPU.ActiveCfg = Debug|Any CPU
		{77D14304-8876-4769-83F0-6B7C50AFCE95}.Debug|Any CPU.Build.0 = Debug|Any CPU
		{77D14304-8876-4769-83F0-6B7C50AFCE95}.Release|Any CPU.ActiveCfg = Release|Any CPU
		{77D14304-8876-4769-83F0-6B7C50AFCE95}.Release|Any CPU.Build.0 = Release|Any CPU
		{81DDED9D-158B-E303-5F62-77A2896D2A5A}.Debug|Any CPU.ActiveCfg = Debug|Any CPU
		{81DDED9D-158B-E303-5F62-77A2896D2A5A}.Debug|Any CPU.Build.0 = Debug|Any CPU
		{81DDED9D-158B-E303-5F62-77A2896D2A5A}.Release|Any CPU.ActiveCfg = Release|Any CPU
		{81DDED9D-158B-E303-5F62-77A2896D2A5A}.Release|Any CPU.Build.0 = Release|Any CPU
		{34F70EF6-3E41-018E-F908-2FC1D0AEC9BB}.Debug|Any CPU.ActiveCfg = Debug|Any CPU
		{34F70EF6-3E41-018E-F908-2FC1D0AEC9BB}.Debug|Any CPU.Build.0 = Debug|Any CPU
		{34F70EF6-3E41-018E-F908-2FC1D0AEC9BB}.Debug|Any CPU.Deploy.0 = Debug|Any CPU
		{34F70EF6-3E41-018E-F908-2FC1D0AEC9BB}.Release|Any CPU.ActiveCfg = Release|Any CPU
		{34F70EF6-3E41-018E-F908-2FC1D0AEC9BB}.Release|Any CPU.Build.0 = Release|Any CPU
		{34F70EF6-3E41-018E-F908-2FC1D0AEC9BB}.Release|Any CPU.Deploy.0 = Release|Any CPU
		{299C0F05-A09C-499C-8C0F-86DAAF2F5E0F}.Debug|Any CPU.ActiveCfg = Debug|Any CPU
		{299C0F05-A09C-499C-8C0F-86DAAF2F5E0F}.Debug|Any CPU.Build.0 = Debug|Any CPU
		{299C0F05-A09C-499C-8C0F-86DAAF2F5E0F}.Release|Any CPU.ActiveCfg = Release|Any CPU
		{299C0F05-A09C-499C-8C0F-86DAAF2F5E0F}.Release|Any CPU.Build.0 = Release|Any CPU
		{834E6F73-8355-4E9B-86FC-2957127CC247}.Debug|Any CPU.ActiveCfg = Debug|Any CPU
		{834E6F73-8355-4E9B-86FC-2957127CC247}.Debug|Any CPU.Build.0 = Debug|Any CPU
		{834E6F73-8355-4E9B-86FC-2957127CC247}.Release|Any CPU.ActiveCfg = Release|Any CPU
		{834E6F73-8355-4E9B-86FC-2957127CC247}.Release|Any CPU.Build.0 = Release|Any CPU
		{B868A027-4A52-4C09-92BD-7182A3594781}.Debug|Any CPU.ActiveCfg = Debug|Any CPU
		{B868A027-4A52-4C09-92BD-7182A3594781}.Debug|Any CPU.Build.0 = Debug|Any CPU
		{B868A027-4A52-4C09-92BD-7182A3594781}.Release|Any CPU.ActiveCfg = Release|Any CPU
		{B868A027-4A52-4C09-92BD-7182A3594781}.Release|Any CPU.Build.0 = Release|Any CPU
		{2AF50CE8-B9EF-4211-97F2-D3A0C585ABA3}.Debug|Any CPU.ActiveCfg = Debug|Any CPU
		{2AF50CE8-B9EF-4211-97F2-D3A0C585ABA3}.Debug|Any CPU.Build.0 = Debug|Any CPU
		{2AF50CE8-B9EF-4211-97F2-D3A0C585ABA3}.Release|Any CPU.ActiveCfg = Release|Any CPU
		{2AF50CE8-B9EF-4211-97F2-D3A0C585ABA3}.Release|Any CPU.Build.0 = Release|Any CPU
	EndGlobalSection
	GlobalSection(SolutionProperties) = preSolution
		HideSolutionNode = FALSE
	EndGlobalSection
	GlobalSection(NestedProjects) = preSolution
		{0D656664-1931-47AD-81D1-5167BAAF6FCC} = {6B51A4A2-F505-4342-8A18-9F38BE78C360}
		{38B94AD7-36E8-4928-B4B0-66AF0B04FF4A} = {6B51A4A2-F505-4342-8A18-9F38BE78C360}
		{2FD739C8-A3C6-4D14-9AA6-E4619EC00A3C} = {6B51A4A2-F505-4342-8A18-9F38BE78C360}
		{23B60187-9FF1-435F-9901-3084DDD41358} = {2FD739C8-A3C6-4D14-9AA6-E4619EC00A3C}
		{30F0D933-F4E4-4D34-B228-35A9F1B24860} = {2FD739C8-A3C6-4D14-9AA6-E4619EC00A3C}
		{041A5007-EC2D-48F0-BD05-CB7B6AE8FF79} = {08836AD0-2EB2-4332-8915-92BEC19F63E7}
		{E5D95281-C3C7-4701-98BD-D6A02DC5CEEF} = {6B51A4A2-F505-4342-8A18-9F38BE78C360}
		{77D14304-8876-4769-83F0-6B7C50AFCE95} = {6B51A4A2-F505-4342-8A18-9F38BE78C360}
		{34F70EF6-3E41-018E-F908-2FC1D0AEC9BB} = {6B51A4A2-F505-4342-8A18-9F38BE78C360}
		{299C0F05-A09C-499C-8C0F-86DAAF2F5E0F} = {6B51A4A2-F505-4342-8A18-9F38BE78C360}
		{834E6F73-8355-4E9B-86FC-2957127CC247} = {6B51A4A2-F505-4342-8A18-9F38BE78C360}
		{B868A027-4A52-4C09-92BD-7182A3594781} = {6B51A4A2-F505-4342-8A18-9F38BE78C360}
		{2AF50CE8-B9EF-4211-97F2-D3A0C585ABA3} = {08836AD0-2EB2-4332-8915-92BEC19F63E7}
	EndGlobalSection
	GlobalSection(ExtensibilityGlobals) = postSolution
		SolutionGuid = {5794C7B4-61C9-4C2E-A0BD-08C2BC358877}
	EndGlobalSection
EndGlobal
