
Microsoft Visual Studio Solution File, Format Version 12.00
# Visual Studio Version 16
VisualStudioVersion = 16.0.30503.244
MinimumVisualStudioVersion = 10.0.40219.1
Project("{9A19103F-16F7-4668-BE54-9A1E7A4F7556}") = "Desic", "Desic\Desic.csproj", "{5D7681F4-BA9E-4F85-8BE7-1B9CEFBE63C2}"
EndProject
Project("{9A19103F-16F7-4668-BE54-9A1E7A4F7556}") = "DesicTests", "DesicTests\DesicTests.csproj", "{7608792A-EA90-4F5F-8C49-73C0F4430C4F}"
EndProject
Project("{FAE04EC0-301F-11D3-BF4B-00C04F79EFBC}") = "DesicWeb", "DesicWeb\DesicWeb.csproj", "{2552DE60-277C-4857-9231-8E3DD16B8033}"
EndProject
Global
	GlobalSection(SolutionConfigurationPlatforms) = preSolution
		Debug|Any CPU = Debug|Any CPU
		Release|Any CPU = Release|Any CPU
	EndGlobalSection
	GlobalSection(ProjectConfigurationPlatforms) = postSolution
		{5D7681F4-BA9E-4F85-8BE7-1B9CEFBE63C2}.Debug|Any CPU.ActiveCfg = Debug|Any CPU
		{5D7681F4-BA9E-4F85-8BE7-1B9CEFBE63C2}.Debug|Any CPU.Build.0 = Debug|Any CPU
		{5D7681F4-BA9E-4F85-8BE7-1B9CEFBE63C2}.Release|Any CPU.ActiveCfg = Release|Any CPU
		{5D7681F4-BA9E-4F85-8BE7-1B9CEFBE63C2}.Release|Any CPU.Build.0 = Release|Any CPU
		{7608792A-EA90-4F5F-8C49-73C0F4430C4F}.Debug|Any CPU.ActiveCfg = Debug|Any CPU
		{7608792A-EA90-4F5F-8C49-73C0F4430C4F}.Debug|Any CPU.Build.0 = Debug|Any CPU
		{7608792A-EA90-4F5F-8C49-73C0F4430C4F}.Release|Any CPU.ActiveCfg = Release|Any CPU
		{7608792A-EA90-4F5F-8C49-73C0F4430C4F}.Release|Any CPU.Build.0 = Release|Any CPU
		{2552DE60-277C-4857-9231-8E3DD16B8033}.Debug|Any CPU.ActiveCfg = Debug|Any CPU
		{2552DE60-277C-4857-9231-8E3DD16B8033}.Debug|Any CPU.Build.0 = Debug|Any CPU
		{2552DE60-277C-4857-9231-8E3DD16B8033}.Release|Any CPU.ActiveCfg = Release|Any CPU
		{2552DE60-277C-4857-9231-8E3DD16B8033}.Release|Any CPU.Build.0 = Release|Any CPU
	EndGlobalSection
	GlobalSection(SolutionProperties) = preSolution
		HideSolutionNode = FALSE
	EndGlobalSection
	GlobalSection(ExtensibilityGlobals) = postSolution
		SolutionGuid = {5794C7B4-61C9-4C2E-A0BD-08C2BC358877}
	EndGlobalSection
EndGlobal
