
Microsoft Visual Studio Solution File, Format Version 12.00
# Visual Studio Version 18
VisualStudioVersion = 18.2.11415.280 d18.0
MinimumVisualStudioVersion = 10.0.40219.1
Project("{9A19103F-16F7-4668-BE54-9A1E7A4F7556}") = "Desic", "source\Desic\Desic.csproj", "{5D7681F4-BA9E-4F85-8BE7-1B9CEFBE63C2}"
EndProject
Project("{9A19103F-16F7-4668-BE54-9A1E7A4F7556}") = "DesicTests", "test\DesicTests\DesicTests.csproj", "{7608792A-EA90-4F5F-8C49-73C0F4430C4F}"
EndProject
Project("{9A19103F-16F7-4668-BE54-9A1E7A4F7556}") = "DesicWeb", "source\DesicWeb\DesicWeb.csproj", "{2552DE60-277C-4857-9231-8E3DD16B8033}"
EndProject
Project("{9A19103F-16F7-4668-BE54-9A1E7A4F7556}") = "Desic.Api", "source\Desic.Api\Desic.Api.csproj", "{0D656664-1931-47AD-81D1-5167BAAF6FCC}"
EndProject
Project("{9A19103F-16F7-4668-BE54-9A1E7A4F7556}") = "Desic.EntityFrameworkCore", "source\Desic.EntityFrameworkCore\Desic.EntityFrameworkCore.csproj", "{38B94AD7-36E8-4928-B4B0-66AF0B04FF4A}"
EndProject
Project("{2150E333-8FDC-42A3-9474-1A3956D46DE8}") = "Migrations", "Migrations", "{2FD739C8-A3C6-4D14-9AA6-E4619EC00A3C}"
EndProject
Project("{9A19103F-16F7-4668-BE54-9A1E7A4F7556}") = "Desic.EntityFrameworkCore.SqlServer", "source\Desic.EntityFrameworkCore.SqlServer\Desic.EntityFrameworkCore.SqlServer.csproj", "{23B60187-9FF1-435F-9901-3084DDD41358}"
EndProject
Project("{9A19103F-16F7-4668-BE54-9A1E7A4F7556}") = "Desic.EntityFrameworkCore.Sqlite", "source\Desic.EntityFrameworkCore.Sqlite\Desic.EntityFrameworkCore.Sqlite.csproj", "{30F0D933-F4E4-4D34-B228-35A9F1B24860}"
EndProject
Project("{2150E333-8FDC-42A3-9474-1A3956D46DE8}") = "source", "source", "{6B51A4A2-F505-4342-8A18-9F38BE78C360}"
EndProject
Project("{2150E333-8FDC-42A3-9474-1A3956D46DE8}") = "test", "test", "{08836AD0-2EB2-4332-8915-92BEC19F63E7}"
EndProject
Project("{9A19103F-16F7-4668-BE54-9A1E7A4F7556}") = "Desic.Api.Tests", "test\Desic.Api.Tests\Desic.Api.Tests.csproj", "{041A5007-EC2D-48F0-BD05-CB7B6AE8FF79}"
EndProject
Project("{9A19103F-16F7-4668-BE54-9A1E7A4F7556}") = "Desic.Business", "source\Desic.Business\Desic.Business.csproj", "{E5D95281-C3C7-4701-98BD-D6A02DC5CEEF}"
EndProject
Project("{FAE04EC0-301F-11D3-BF4B-00C04F79EFBC}") = "ExportExcel", "source\ExportExcel\ExportExcel.csproj", "{77D14304-8876-4769-83F0-6B7C50AFCE95}"
EndProject
Global
	GlobalSection(SolutionConfigurationPlatforms) = preSolution
		Debug|Any CPU = Debug|Any CPU
		Release|Any CPU = Release|Any CPU
	EndGlobalSection
	GlobalSection(ProjectConfigurationPlatforms) = postSolution
		{5D7681F4-BA9E-4F85-8BE7-1B9CEFBE63C2}.Debug|Any CPU.ActiveCfg = Debug|Any CPU
		{5D7681F4-BA9E-4F85-8BE7-1B9CEFBE63C2}.Debug|Any CPU.Build.0 = Debug|Any CPU
		{5D7681F4-BA9E-4F85-8BE7-1B9CEFBE63C2}.Release|Any CPU.ActiveCfg = Release|Any CPU
		{5D7681F4-BA9E-4F85-8BE7-1B9CEFBE63C2}.Release|Any CPU.Build.0 = Release|Any CPU
		{7608792A-EA90-4F5F-8C49-73C0F4430C4F}.Debug|Any CPU.ActiveCfg = Debug|Any CPU
		{7608792A-EA90-4F5F-8C49-73C0F4430C4F}.Debug|Any CPU.Build.0 = Debug|Any CPU
		{7608792A-EA90-4F5F-8C49-73C0F4430C4F}.Release|Any CPU.ActiveCfg = Release|Any CPU
		{7608792A-EA90-4F5F-8C49-73C0F4430C4F}.Release|Any CPU.Build.0 = Release|Any CPU
		{2552DE60-277C-4857-9231-8E3DD16B8033}.Debug|Any CPU.ActiveCfg = Debug|Any CPU
		{2552DE60-277C-4857-9231-8E3DD16B8033}.Debug|Any CPU.Build.0 = Debug|Any CPU
		{2552DE60-277C-4857-9231-8E3DD16B8033}.Release|Any CPU.ActiveCfg = Release|Any CPU
		{2552DE60-277C-4857-9231-8E3DD16B8033}.Release|Any CPU.Build.0 = Release|Any CPU
		{0D656664-1931-47AD-81D1-5167BAAF6FCC}.Debug|Any CPU.ActiveCfg = Debug|Any CPU
		{0D656664-1931-47AD-81D1-5167BAAF6FCC}.Debug|Any CPU.Build.0 = Debug|Any CPU
		{0D656664-1931-47AD-81D1-5167BAAF6FCC}.Release|Any CPU.ActiveCfg = Release|Any CPU
		{0D656664-1931-47AD-81D1-5167BAAF6FCC}.Release|Any CPU.Build.0 = Release|Any CPU
		{38B94AD7-36E8-4928-B4B0-66AF0B04FF4A}.Debug|Any CPU.ActiveCfg = Debug|Any CPU
		{38B94AD7-36E8-4928-B4B0-66AF0B04FF4A}.Debug|Any CPU.Build.0 = Debug|Any CPU
		{38B94AD7-36E8-4928-B4B0-66AF0B04FF4A}.Release|Any CPU.ActiveCfg = Release|Any CPU
		{38B94AD7-36E8-4928-B4B0-66AF0B04FF4A}.Release|Any CPU.Build.0 = Release|Any CPU
		{23B60187-9FF1-435F-9901-3084DDD41358}.Debug|Any CPU.ActiveCfg = Debug|Any CPU
		{23B60187-9FF1-435F-9901-3084DDD41358}.Debug|Any CPU.Build.0 = Debug|Any CPU
		{23B60187-9FF1-435F-9901-3084DDD41358}.Release|Any CPU.ActiveCfg = Release|Any CPU
		{23B60187-9FF1-435F-9901-3084DDD41358}.Release|Any CPU.Build.0 = Release|Any CPU
		{30F0D933-F4E4-4D34-B228-35A9F1B24860}.Debug|Any CPU.ActiveCfg = Debug|Any CPU
		{30F0D933-F4E4-4D34-B228-35A9F1B24860}.Debug|Any CPU.Build.0 = Debug|Any CPU
		{30F0D933-F4E4-4D34-B228-35A9F1B24860}.Release|Any CPU.ActiveCfg = Release|Any CPU
		{30F0D933-F4E4-4D34-B228-35A9F1B24860}.Release|Any CPU.Build.0 = Release|Any CPU
		{041A5007-EC2D-48F0-BD05-CB7B6AE8FF79}.Debug|Any CPU.ActiveCfg = Debug|Any CPU
		{041A5007-EC2D-48F0-BD05-CB7B6AE8FF79}.Debug|Any CPU.Build.0 = Debug|Any CPU
		{041A5007-EC2D-48F0-BD05-CB7B6AE8FF79}.Release|Any CPU.ActiveCfg = Release|Any CPU
		{041A5007-EC2D-48F0-BD05-CB7B6AE8FF79}.Release|Any CPU.Build.0 = Release|Any CPU
		{E5D95281-C3C7-4701-98BD-D6A02DC5CEEF}.Debug|Any CPU.ActiveCfg = Debug|Any CPU
		{E5D95281-C3C7-4701-98BD-D6A02DC5CEEF}.Debug|Any CPU.Build.0 = Debug|Any CPU
		{E5D95281-C3C7-4701-98BD-D6A02DC5CEEF}.Release|Any CPU.ActiveCfg = Release|Any CPU
		{E5D95281-C3C7-4701-98BD-D6A02DC5CEEF}.Release|Any CPU.Build.0 = Release|Any CPU
		{77D14304-8876-4769-83F0-6B7C50AFCE95}.Debug|Any CPU.ActiveCfg = Debug|Any CPU
		{77D14304-8876-4769-83F0-6B7C50AFCE95}.Debug|Any CPU.Build.0 = Debug|Any CPU
		{77D14304-8876-4769-83F0-6B7C50AFCE95}.Release|Any CPU.ActiveCfg = Release|Any CPU
		{77D14304-8876-4769-83F0-6B7C50AFCE95}.Release|Any CPU.Build.0 = Release|Any CPU
	EndGlobalSection
	GlobalSection(SolutionProperties) = preSolution
		HideSolutionNode = FALSE
	EndGlobalSection
	GlobalSection(NestedProjects) = preSolution
		{5D7681F4-BA9E-4F85-8BE7-1B9CEFBE63C2} = {6B51A4A2-F505-4342-8A18-9F38BE78C360}
		{7608792A-EA90-4F5F-8C49-73C0F4430C4F} = {08836AD0-2EB2-4332-8915-92BEC19F63E7}
		{2552DE60-277C-4857-9231-8E3DD16B8033} = {6B51A4A2-F505-4342-8A18-9F38BE78C360}
		{0D656664-1931-47AD-81D1-5167BAAF6FCC} = {6B51A4A2-F505-4342-8A18-9F38BE78C360}
		{38B94AD7-36E8-4928-B4B0-66AF0B04FF4A} = {6B51A4A2-F505-4342-8A18-9F38BE78C360}
		{2FD739C8-A3C6-4D14-9AA6-E4619EC00A3C} = {6B51A4A2-F505-4342-8A18-9F38BE78C360}
		{23B60187-9FF1-435F-9901-3084DDD41358} = {2FD739C8-A3C6-4D14-9AA6-E4619EC00A3C}
		{30F0D933-F4E4-4D34-B228-35A9F1B24860} = {2FD739C8-A3C6-4D14-9AA6-E4619EC00A3C}
		{041A5007-EC2D-48F0-BD05-CB7B6AE8FF79} = {08836AD0-2EB2-4332-8915-92BEC19F63E7}
		{E5D95281-C3C7-4701-98BD-D6A02DC5CEEF} = {6B51A4A2-F505-4342-8A18-9F38BE78C360}
		{77D14304-8876-4769-83F0-6B7C50AFCE95} = {6B51A4A2-F505-4342-8A18-9F38BE78C360}
	EndGlobalSection
	GlobalSection(ExtensibilityGlobals) = postSolution
		SolutionGuid = {5794C7B4-61C9-4C2E-A0BD-08C2BC358877}
	EndGlobalSection
EndGlobal
